
Microsoft Visual Studio Solution File, Format Version 12.00
# Visual Studio Version 17
VisualStudioVersion = 17.13.35919.96
MinimumVisualStudioVersion = 10.0.40219.1
Project("{9A19103F-16F7-4668-BE54-9A1E7A4F7556}") = "Escola.Infrastructure", "src\Escola.Infrastructure\Escola.Infrastructure.csproj", "{0CF45FB2-5A08-4DB6-964B-DD23799B9A9A}"
EndProject
Project("{9A19103F-16F7-4668-BE54-9A1E7A4F7556}") = "Escola.API", "src\Escola.API\Escola.API.csproj", "{3C2A1DC2-B71C-424F-B35E-ABB723DF11CF}"
EndProject
Project("{9A19103F-16F7-4668-BE54-9A1E7A4F7556}") = "Escola.Domain", "src\Escola.Domain\Escola.Domain.csproj", "{03FD7993-BCAB-4918-BD12-756051DE1AC8}"
EndProject
Project("{E53339B2-1760-4266-BCC7-CA923CBCF16C}") = "docker-compose", "docker-compose.dcproj", "{81DDED9D-158B-E303-5F62-77A2896D2A5A}"
EndProject
Global
	GlobalSection(SolutionConfigurationPlatforms) = preSolution
		Debug|Any CPU = Debug|Any CPU
		Release|Any CPU = Release|Any CPU
	EndGlobalSection
	GlobalSection(ProjectConfigurationPlatforms) = postSolution
		{0CF45FB2-5A08-4DB6-964B-DD23799B9A9A}.Debug|Any CPU.ActiveCfg = Debug|Any CPU
		{0CF45FB2-5A08-4DB6-964B-DD23799B9A9A}.Debug|Any CPU.Build.0 = Debug|Any CPU
		{0CF45FB2-5A08-4DB6-964B-DD23799B9A9A}.Release|Any CPU.ActiveCfg = Release|Any CPU
		{0CF45FB2-5A08-4DB6-964B-DD23799B9A9A}.Release|Any CPU.Build.0 = Release|Any CPU
		{3C2A1DC2-B71C-424F-B35E-ABB723DF11CF}.Debug|Any CPU.ActiveCfg = Debug|Any CPU
		{3C2A1DC2-B71C-424F-B35E-ABB723DF11CF}.Debug|Any CPU.Build.0 = Debug|Any CPU
		{3C2A1DC2-B71C-424F-B35E-ABB723DF11CF}.Release|Any CPU.ActiveCfg = Release|Any CPU
		{3C2A1DC2-B71C-424F-B35E-ABB723DF11CF}.Release|Any CPU.Build.0 = Release|Any CPU
		{03FD7993-BCAB-4918-BD12-756051DE1AC8}.Debug|Any CPU.ActiveCfg = Debug|Any CPU
		{03FD7993-BCAB-4918-BD12-756051DE1AC8}.Debug|Any CPU.Build.0 = Debug|Any CPU
		{03FD7993-BCAB-4918-BD12-756051DE1AC8}.Release|Any CPU.ActiveCfg = Release|Any CPU
		{03FD7993-BCAB-4918-BD12-756051DE1AC8}.Release|Any CPU.Build.0 = Release|Any CPU
		{81DDED9D-158B-E303-5F62-77A2896D2A5A}.Debug|Any CPU.ActiveCfg = Debug|Any CPU
		{81DDED9D-158B-E303-5F62-77A2896D2A5A}.Debug|Any CPU.Build.0 = Debug|Any CPU
		{81DDED9D-158B-E303-5F62-77A2896D2A5A}.Release|Any CPU.ActiveCfg = Release|Any CPU
		{81DDED9D-158B-E303-5F62-77A2896D2A5A}.Release|Any CPU.Build.0 = Release|Any CPU
	EndGlobalSection
	GlobalSection(SolutionProperties) = preSolution
		HideSolutionNode = FALSE
	EndGlobalSection
	GlobalSection(ExtensibilityGlobals) = postSolution
		SolutionGuid = {EA03CBB3-B846-49EB-9FA3-FFE69B424A5E}
	EndGlobalSection
EndGlobal
